
Microsoft Visual Studio Solution File, Format Version 12.00
# Visual Studio Version 17
VisualStudioVersion = 17.8.34525.116
MinimumVisualStudioVersion = 10.0.40219.1
Project("{FAE04EC0-301F-11D3-BF4B-00C04F79EFBC}") = "WpfApp3", "WpfApp3\WpfApp3.csproj", "{B6863C75-BDCE-4468-A459-5A478A75FBF9}"
EndProject
Global
	GlobalSection(SolutionConfigurationPlatforms) = preSolution
		Debug|Any CPU = Debug|Any CPU
		Release|Any CPU = Release|Any CPU
	EndGlobalSection
	GlobalSection(ProjectConfigurationPlatforms) = postSolution
		{B6863C75-BDCE-4468-A459-5A478A75FBF9}.Debug|Any CPU.ActiveCfg = Debug|Any CPU
		{B6863C75-BDCE-4468-A459-5A478A75FBF9}.Debug|Any CPU.Build.0 = Debug|Any CPU
		{B6863C75-BDCE-4468-A459-5A478A75FBF9}.Release|Any CPU.ActiveCfg = Release|Any CPU
		{B6863C75-BDCE-4468-A459-5A478A75FBF9}.Release|Any CPU.Build.0 = Release|Any CPU
	EndGlobalSection
	GlobalSection(SolutionProperties) = preSolution
		HideSolutionNode = FALSE
	EndGlobalSection
	GlobalSection(ExtensibilityGlobals) = postSolution
		SolutionGuid = {6AAA71C6-4553-41DD-BB7A-47E65DD697C0}
	EndGlobalSection
EndGlobal
